{
  "name": "puku-editor",
  "version": "0.43.1",
  "lockfileVersion": 3,
  "requires": true,
  "packages": {
    "": {
      "name": "puku-editor",
      "version": "0.43.1",
      "license": "SEE LICENSE IN LICENSE.txt",
      "dependencies": {
        "sqlite-vec": "^0.1.7-alpha.2"
      },
      "engines": {
        "node": ">=22.14.0",
        "npm": ">=9.0.0",
        "vscode": "^1.107.0"
      }
    },
    "node_modules/sqlite-vec": {
      "version": "0.1.7-alpha.2",
      "resolved": "https://registry.npmjs.org/sqlite-vec/-/sqlite-vec-0.1.7-alpha.2.tgz",
      "integrity": "sha512-rNgRCv+4V4Ed3yc33Qr+nNmjhtrMnnHzXfLVPeGb28Dx5mmDL3Ngw/Wk8vhCGjj76+oC6gnkmMG8y73BZWGBwQ==",
      "license": "MIT OR Apache",
      "optionalDependencies": {
        "sqlite-vec-darwin-arm64": "0.1.7-alpha.2",
        "sqlite-vec-darwin-x64": "0.1.7-alpha.2",
        "sqlite-vec-linux-arm64": "0.1.7-alpha.2",
        "sqlite-vec-linux-x64": "0.1.7-alpha.2",
        "sqlite-vec-windows-x64": "0.1.7-alpha.2"
      }
    },
    "node_modules/sqlite-vec-darwin-arm64": {
      "version": "0.1.7-alpha.2",
      "resolved": "https://registry.npmjs.org/sqlite-vec-darwin-arm64/-/sqlite-vec-darwin-arm64-0.1.7-alpha.2.tgz",
      "integrity": "sha512-raIATOqFYkeCHhb/t3r7W7Cf2lVYdf4J3ogJ6GFc8PQEgHCPEsi+bYnm2JT84MzLfTlSTIdxr4/NKv+zF7oLPw==",
      "cpu": [
        "arm64"
      ],
      "license": "MIT OR Apache",
      "optional": true,
      "os": [
        "darwin"
      ]
    },
    "node_modules/sqlite-vec-darwin-x64": {
      "version": "0.1.7-alpha.2",
      "resolved": "https://registry.npmjs.org/sqlite-vec-darwin-x64/-/sqlite-vec-darwin-x64-0.1.7-alpha.2.tgz",
      "integrity": "sha512-jeZEELsQjjRsVojsvU5iKxOvkaVuE+JYC8Y4Ma8U45aAERrDYmqZoHvgSG7cg1PXL3bMlumFTAmHynf1y4pOzA==",
      "cpu": [
        "x64"
      ],
      "license": "MIT OR Apache",
      "optional": true,
      "os": [
        "darwin"
      ]
    },
    "node_modules/sqlite-vec-linux-arm64": {
      "version": "0.1.7-alpha.2",
      "resolved": "https://registry.npmjs.org/sqlite-vec-linux-arm64/-/sqlite-vec-linux-arm64-0.1.7-alpha.2.tgz",
      "integrity": "sha512-6Spj4Nfi7tG13jsUG+W7jnT0bCTWbyPImu2M8nWp20fNrd1SZ4g3CSlDAK8GBdavX7wRlbBHCZ+BDa++rbDewA==",
      "cpu": [
        "arm64"
      ],
      "license": "MIT OR Apache",
      "optional": true,
      "os": [
        "linux"
      ]
    },
    "node_modules/sqlite-vec-linux-x64": {
      "version": "0.1.7-alpha.2",
      "resolved": "https://registry.npmjs.org/sqlite-vec-linux-x64/-/sqlite-vec-linux-x64-0.1.7-alpha.2.tgz",
      "integrity": "sha512-IcgrbHaDccTVhXDf8Orwdc2+hgDLAFORl6OBUhcvlmwswwBP1hqBTSEhovClG4NItwTOBNgpwOoQ7Qp3VDPWLg==",
      "cpu": [
        "x64"
      ],
      "license": "MIT OR Apache",
      "optional": true,
      "os": [
        "linux"
      ]
    },
    "node_modules/sqlite-vec-windows-x64": {
      "version": "0.1.7-alpha.2",
      "resolved": "https://registry.npmjs.org/sqlite-vec-windows-x64/-/sqlite-vec-windows-x64-0.1.7-alpha.2.tgz",
      "integrity": "sha512-TRP6hTjAcwvQ6xpCZvjP00pdlda8J38ArFy1lMYhtQWXiIBmWnhMaMbq4kaeCYwvTTddfidatRS+TJrwIKB/oQ==",
      "cpu": [
        "x64"
      ],
      "license": "MIT OR Apache",
      "optional": true,
      "os": [
        "win32"
      ]
    }
  }
}
